{
    "_meta": {
        "hash": {
            "sha256": "2400f1299c159de1f65cc8935ab79f79aa203d20cf1845922903303811a968f7"
        },
        "pipfile-spec": 6,
        "requires": {
            "python_version": "3.10"
        },
        "sources": [
            {
                "name": "pypi",
                "url": "https://pypi.org/simple",
                "verify_ssl": true
            }
        ]
    },
    "default": {
        "atomicwrites": {
            "hashes": [
                "sha256:03472c30eb2c5d1ba9227e4c2ca66ab8287fbfbbda3888aa93dc2e28fc6811b4",
                "sha256:75a9445bac02d8d058d5e1fe689654ba5a6556a1dfd8ce6ec55a0ed79866cfa6"
            ],
            "markers": "python_version >= '2.7' and python_version not in '3.0, 3.1, 3.2, 3.3'",
            "version": "==1.3.0"
        },
        "attrs": {
            "hashes": [
                "sha256:69c0dbf2ed392de1cb5ec704444b08a5ef81680a61cb899dc08127123af36a79",
                "sha256:f0b870f674851ecbfbbbd364d6b5cbdff9dcedbc7f3f5e18a6891057f21fe399"
            ],
            "markers": "python_version >= '2.7' and python_version not in '3.0, 3.1, 3.2, 3.3'",
            "version": "==19.1.0"
        },
        "blis": {
            "hashes": [
                "sha256:179037cb5e6744c2e93b6b5facc6e4a0073776d514933c3db1e1f064a3253425",
                "sha256:29ef4c25007785a90ffc2f0ab3d3bd3b75cd2d7856a9a482b7d0dac8d511a09d",
                "sha256:3dbb44311029263a6f65ed55a35f970aeb1d20b18bfac4c025de5aadf7889a8c",
                "sha256:3e3f95e035c7456a1f5f3b5a3cfe708483a00335a3a8ad2211d57ba4d5f749a5",
                "sha256:4d5755ef37a573647be62684ca1545698879d07321f1e5b89a4fd669ce355eb0",
                "sha256:5cb1db88ab629ccb39eac110b742b98e3511d48ce9caa82ca32609d9169a9c9c",
                "sha256:5fd46c649acd1920482b4f5556d1c88693cba9bf6a494a020b00f14b42e1132f",
                "sha256:6d12475e588a322e66a18346a3faa9eb92523504042e665c193d1b9b0b3f0482",
                "sha256:6fd5941bd5a21082b19d1dd0f6d62cd35609c25eb769aa3457d9877ef2ce37a9",
                "sha256:7417667c221e29fe8662c3b2ff9bc201c6a5214bbb5eb6cc290484868802258d",
                "sha256:8275f6b6eee714b85f00bf882720f508ed6a60974bcde489715d37fd35529da8",
                "sha256:97ad55e9ef36e4ff06b35802d0cf7bfc56f9697c6bc9427f59c90956bb98377d",
                "sha256:b3ea73707a7938304c08363a0b990600e579bfb52dece7c674eafac4bf2df9f7",
                "sha256:b5f4691bf62013eccc167c38a85c09a0bf0c6e3e80d4c2229cdf2668c1124eb0",
                "sha256:b8a1fcd2eb267301ab13e1e4209c165d172cdf9c0c9e08186a9e234bf91daa16",
                "sha256:b9737035636452fb6d08e7ab79e5a9904be18a0736868a129179cd9f9ab59825",
                "sha256:c0521231bc95ab522f280da3bbb096299c910a62cac2376d48d4a1d403c54393",
                "sha256:c399a03de4059bf8e700b921f9ff5d72b2a86673616c40db40cd0592051bdd07",
                "sha256:d0e82a6e0337d5231129a4e8b36978fa7b973ad3bb0257fd8e3714a9b35ceffd",
                "sha256:d205a7e69523e2bacdd67ea906b82b84034067e0de83b33bd83eb96b9e844ae3",
                "sha256:d3882b4f44a33367812b5e287c0690027092830ffb1cce124b02f64e761819a4",
                "sha256:d4eb70a79562a211bd2e6b6db63f1e2eed32c0ab3e9ef921d86f657ae8375845",
                "sha256:d811e88480203d75e6e959f313fdbf3326393b4e2b317067d952347f5c56216e",
                "sha256:d81c3f627d33545fc25c9dcb5fee66c476d89288a27d63ac16ea63453401ffd5",
                "sha256:db2959560dcb34e912dad0e0d091f19b05b61363bac15d78307c01334a4e5d9d",
                "sha256:e85993364cae82707bfe7e637bee64ec96e232af31301e5c81a351778cb394b9",
                "sha256:f5cec812ee47b29107eb36af9b457be7191163eab65d61775ed63538232c59d5",
                "sha256:f7b6315d7b1ac5546bc0350f5f8d7cc064438d23db19a5c21aaa6ae7d93c1ab5"
            ],
            "version": "==0.7.9"
        },
        "catalogue": {
            "hashes": [
                "sha256:bfde9cbc97b85285bd890c0cb01ed3577e4e2cf0e8d412da6d3756afb36606d9",
                "sha256:c9a07ab312f625498a1ea712cd711e1952333c9459c4c674ffc3f05591258334"
            ],
            "markers": "python_version >= '3.6'",
            "version": "==1.0.2"
        },
        "certifi": {
            "hashes": [
                "sha256:0d9c601124e5a6ba9712dbc60d9c53c21e34f5f641fe83002317394311bdce14",
                "sha256:90c1a32f1d68f940488354e36370f6cca89f0f106db09518524c88d6ed83f382"
            ],
            "markers": "python_version >= '3.6'",
            "version": "==2022.9.24"
        },
        "charset-normalizer": {
            "hashes": [
                "sha256:5a3d016c7c547f69d6f81fb0db9449ce888b418b5b9952cc5e6e66843e9dd845",
                "sha256:83e9a75d1911279afd89352c68b45348559d1fc0506b054b346651b5e7fee29f"
            ],
            "markers": "python_full_version >= '3.6.0'",
            "version": "==2.1.1"
        },
        "cymem": {
            "hashes": [
                "sha256:011039e12d3144ac1bf3a6b38f5722b817f0d6487c8184e88c891b360b69f533",
                "sha256:0ac45088abffbae9b7db2c597f098de51b7e3c1023cb314e55c0f7f08440cf66",
                "sha256:10178e402bb512b2686b8c2f41f930111e597237ca8f85cb583ea93822ef798d",
                "sha256:24b779046484674c054af1e779c68cb224dc9694200ac13b22129d7fb7e99e6d",
                "sha256:26e5d5c6958855d2fe3d5629afe85a6aae5531abaa76f4bc21b9abf9caaccdfe",
                "sha256:2aa33f1dbd7ceda37970e174c38fd1cf106817a261aa58521ba9918156868231",
                "sha256:314273be1f143da674388e0a125d409e2721fbf669c380ae27c5cbae4011e26d",
                "sha256:3da89464021fe669932fce1578343fcaf701e47e3206f50d320f4f21e6683ca5",
                "sha256:42aedfd2e77aa0518a24a2a60a2147308903abc8b13c84504af58539c39e52a3",
                "sha256:4302df5793a320c4f4a263c7785d2fa7f29928d72cb83ebeb34d64a610f8d819",
                "sha256:48b98da6b906fe976865263e27734ebc64f972a978a999d447ad6c83334e3f90",
                "sha256:4981fc9182cc1fe54bfedf5f73bfec3ce0c27582d9be71e130c46e35958beef0",
                "sha256:4f359cab9f16e25b3098f816c40acbf1697a3b614a8d02c56e6ebcb9c89a06b3",
                "sha256:59a09cf0e71b1b88bfa0de544b801585d81d06ea123c1725e7c5da05b7ca0d20",
                "sha256:5ea6b027fdad0c3e9a4f1b94d28d213be08c466a60c72c633eb9db76cf30e53a",
                "sha256:6c50794c612801ed8b599cd4af1ed810a0d39011711c8224f93e1153c00e08d1",
                "sha256:6f9e63e5ad4ed6ffa21fd8db1c03b05be3fea2f32e32fdace67a840ea2702c3d",
                "sha256:85359ab7b490e6c897c04863704481600bd45188a0e2ca7375eb5db193e13cb7",
                "sha256:864701e626b65eb2256060564ed8eb034ebb0a8f14ce3fbef337e88352cdee9f",
                "sha256:9e5e1b7de7952d89508d07601b9e95b2244e70d7ef60fbc161b3ad68f22815f8",
                "sha256:a2971b7da5aa2e65d8fbbe9f2acfc19ff8e73f1896e3d6e1223cc9bf275a0207",
                "sha256:a9525ad563b36dc1e30889d0087a0daa67dd7bb7d3e1530c4b61cd65cc756a5b",
                "sha256:c183257dc5ab237b664f64156c743e788f562417c74ea58c5a3939fe2d48d6f6",
                "sha256:d18250f97eeb13af2e8b19d3cefe4bf743b963d93320b0a2e729771410fd8cf4",
                "sha256:df543a36e7000808fe0a03d92fd6cd8bf23fa8737c3f7ae791a5386de797bf79",
                "sha256:e156788d32ad8f7141330913c5d5d2aa67182fca8f15ae22645e9f379abe8a4c",
                "sha256:e6034badb5dd4e10344211c81f16505a55553a7164adc314c75bd80cf07e57a8",
                "sha256:f165d7bce55d6730930e29d8294569788aa127f1be8d1642d9550ed96223cb37"
            ],
            "version": "==2.0.7"
        },
        "idna": {
            "hashes": [
                "sha256:814f528e8dead7d329833b91c5faa87d60bf71824cd12a7530b5526063d02cb4",
                "sha256:90b77e79eaa3eba6de819a0c442c0b4ceefc341a7a2ab77d7562bf49f425c5c2"
            ],
            "markers": "python_version >= '3.5'",
            "version": "==3.4"
        },
        "importlib-metadata": {
            "hashes": [
                "sha256:6dfd58dfe281e8d240937776065dd3624ad5469c835248219bd16cf2e12dbeb7",
                "sha256:cb6ee23b46173539939964df59d3d72c3e0c1b5d54b84f1d8a7e912fe43612db"
            ],
            "markers": "python_version >= '2.7' and python_version not in '3.0, 3.1, 3.2, 3.3'",
            "version": "==0.18"
        },
        "more-itertools": {
            "hashes": [
                "sha256:2112d2ca570bb7c3e53ea1a35cd5df42bb0fd10c45f0fb97178679c3c03d64c7",
                "sha256:c3e4748ba1aad8dba30a4886b0b1a2004f9a863837b8654e7059eebf727afa5a"
            ],
            "markers": "python_version >= '3.4'",
            "version": "==7.0.0"
        },
        "murmurhash": {
            "hashes": [
                "sha256:01137d688a6b259bde642513506b062364ea4e1609f886d9bd095c3ae6da0b94",
                "sha256:0ac5530c250d2b0073ed058555847c8d88d2d00229e483d45658c13b32398523",
                "sha256:0c2e2ee2d91a87952fe0f80212e86119aa1fd7681f03e6c99b279e50790dc2b3",
                "sha256:0eb0f8e652431ea238c11bcb671fef5c03aff0544bf7e098df81ea4b6d495405",
                "sha256:1b70bbf55d89713873a35bd4002bc231d38e530e1051d57ca5d15f96c01fd778",
                "sha256:213d0248e586082e1cab6157d9945b846fd2b6be34357ad5ea0d03a1931d82ba",
                "sha256:241693c1c819148eac29d7882739b1099c891f1f7431127b2652c23f81722cec",
                "sha256:2aebe2ae016525a662ff772b72a2c9244a673e3215fcd49897f494258b96f3e7",
                "sha256:379bf6b414bd27dd36772dd1570565a7d69918e980457370838bd514df0d91e9",
                "sha256:3e802fa5b0e618ee99e8c114ce99fc91677f14e9de6e18b945d91323a93c84e8",
                "sha256:47f5ca56c430230d3b581dfdbc54eb3ad8b0406dcc9afdd978da2e662c71d370",
                "sha256:5dc41be79ba4d09aab7e9110a8a4d4b37b184b63767b1b247411667cdb1057a3",
                "sha256:5ef31b5c11be2c064dbbdd0e22ab3effa9ceb5b11ae735295c717c120087dd94",
                "sha256:660ae41fc6609abc05130543011a45b33ca5d8318ae5c70e66bbd351ca936063",
                "sha256:69157e8fa6b25c4383645227069f6a1f8738d32ed2a83558961019ca3ebef56a",
                "sha256:697ed01454d92681c7ae26eb1adcdc654b54062bcc59db38ed03cad71b23d449",
                "sha256:799fcbca5693ad6a40f565ae6b8e9718e5875a63deddf343825c0f31c32348fa",
                "sha256:8c3d69fb649c77c74a55624ebf7a0df3c81629e6ea6e80048134f015da57b2ea",
                "sha256:94b89d02aeab5e6bad5056f9d08df03ac7cfe06e61ff4b6340feb227fda80ce8",
                "sha256:a5952f9c18a717fa17579e27f57bfa619299546011a8378a8f73e14eece332f6",
                "sha256:ab78675510f83e7a3c6bd0abdc448a9a2b0b385b0d7ee766cbbfc5cc278a3042",
                "sha256:b129e1c5ebd772e6ff5ef925bcce695df13169bd885337e6074b923ab6edcfc8",
                "sha256:c0f84ecdf37c06eda0222f2f9e81c0974e1a7659c35b755ab2fdc642ebd366db",
                "sha256:cf0b3fe54dca598f5b18c9951e70812e070ecb4c0672ad2cc32efde8a33b3df6",
                "sha256:d7a2bd203377a31bbb2d83fe3f968756d6c9bbfa36c64c6ebfc3c6494fc680bc",
                "sha256:ef79202feeac68e83971239169a05fa6514ecc2815ce04c8302076d267870f6e",
                "sha256:f9b995bc82eaf9223e045210207b8878fdfe099a788dd8abd708d9ee58459a9d",
                "sha256:fe7a38cb0d3d87c14ec9dddc4932ffe2dbc77d75469ab80fd5014689b0e07b58"
            ],
            "markers": "python_version >= '3.6'",
            "version": "==1.0.9"
        },
        "numpy": {
            "hashes": [
                "sha256:0fe563fc8ed9dc4474cbf70742673fc4391d70f4363f917599a7fa99f042d5a8",
                "sha256:12ac457b63ec8ded85d85c1e17d85efd3c2b0967ca39560b307a35a6703a4735",
                "sha256:2341f4ab6dba0834b685cce16dad5f9b6606ea8a00e6da154f5dbded70fdc4dd",
                "sha256:296d17aed51161dbad3c67ed6d164e51fcd18dbcd5dd4f9d0a9c6055dce30810",
                "sha256:488a66cb667359534bc70028d653ba1cf307bae88eab5929cd707c761ff037db",
                "sha256:4d52914c88b4930dafb6c48ba5115a96cbab40f45740239d9f4159c4ba779962",
                "sha256:5e13030f8793e9ee42f9c7d5777465a560eb78fa7e11b1c053427f2ccab90c79",
                "sha256:61be02e3bf810b60ab74e81d6d0d36246dbfb644a462458bb53b595791251911",
                "sha256:7607b598217745cc40f751da38ffd03512d33ec06f3523fb0b5f82e09f6f676d",
                "sha256:7a70a7d3ce4c0e9284e92285cba91a4a3f5214d87ee0e95928f3614a256a1488",
                "sha256:7ab46e4e7ec63c8a5e6dbf5c1b9e1c92ba23a7ebecc86c336cb7bf3bd2fb10e5",
                "sha256:8981d9b5619569899666170c7c9748920f4a5005bf79c72c07d08c8a035757b0",
                "sha256:8c053d7557a8f022ec823196d242464b6955a7e7e5015b719e76003f63f82d0f",
                "sha256:926db372bc4ac1edf81cfb6c59e2a881606b409ddc0d0920b988174b2e2a767f",
                "sha256:95d79ada05005f6f4f337d3bb9de8a7774f259341c70bc88047a1f7b96a4bcb2",
                "sha256:95de7dc7dc47a312f6feddd3da2500826defdccbc41608d0031276a24181a2c0",
                "sha256:a0882323e0ca4245eb0a3d0a74f88ce581cc33aedcfa396e415e5bba7bf05f68",
                "sha256:a8365b942f9c1a7d0f0dc974747d99dd0a0cdfc5949a33119caf05cb314682d3",
                "sha256:a8aae2fb3180940011b4862b2dd3756616841c53db9734b27bb93813cd79fce6",
                "sha256:c237129f0e732885c9a6076a537e974160482eab8f10db6292e92154d4c67d71",
                "sha256:c67b833dbccefe97cdd3f52798d430b9d3430396af7cdb2a0c32954c3ef73894",
                "sha256:ce03305dd694c4873b9429274fd41fc7eb4e0e4dea07e0af97a933b079a5814f",
                "sha256:d331afac87c92373826af83d2b2b435f57b17a5c74e6268b79355b970626e329",
                "sha256:dada341ebb79619fe00a291185bba370c9803b1e1d7051610e01ed809ef3a4ba",
                "sha256:ed2cc92af0efad20198638c69bb0fc2870a58dabfba6eb722c933b48556c686c",
                "sha256:f260da502d7441a45695199b4e7fd8ca87db659ba1c78f2bbf31f934fe76ae0e",
                "sha256:f2f390aa4da44454db40a1f0201401f9036e8d578a25f01a6e237cea238337ef",
                "sha256:f76025acc8e2114bb664294a07ede0727aa75d63a06d2fae96bf29a81747e4a7"
            ],
            "markers": "python_version >= '3.8'",
            "version": "==1.23.4"
        },
        "packaging": {
            "hashes": [
                "sha256:0c98a5d0be38ed775798ece1b9727178c4469d9c3b4ada66e8e6b7849f8732af",
                "sha256:9e1cbf8c12b1f1ce0bb5344b8d7ecf66a6f8a6e91bcb0c84593ed6d3ab5c4ab3"
            ],
            "markers": "python_version >= '2.7' and python_version not in '3.0, 3.1, 3.2, 3.3'",
            "version": "==19.0"
        },
        "plac": {
            "hashes": [
                "sha256:398cb947c60c4c25e275e1f1dadf027e7096858fb260b8ece3b33bcff90d985f",
                "sha256:487e553017d419f35add346c4c09707e52fa53f7e7181ce1098ca27620e9ceee"
            ],
            "version": "==1.1.3"
        },
        "pluggy": {
            "hashes": [
                "sha256:0825a152ac059776623854c1543d65a4ad408eb3d33ee114dff91e57ec6ae6fc",
                "sha256:b9817417e95936bf75d85d3f8767f7df6cdde751fc40aed3bb3074cbcb77757c"
            ],
            "markers": "python_version >= '2.7' and python_version not in '3.0, 3.1, 3.2, 3.3'",
            "version": "==0.12.0"
        },
        "preshed": {
            "hashes": [
                "sha256:019d8fa4161035811fb2804d03214143298739e162d0ad24e087bd46c50970f5",
                "sha256:06793022a56782ef51d74f1399925a2ba958e50c5cfbc6fa5b25c4945e158a07",
                "sha256:09cc9da2ac1b23010ce7d88a5e20f1033595e6dd80be14318e43b9409f4c7697",
                "sha256:0ae25a010c9f551aa2247ee621457f679e07c57fc99d3fd44f84cb40b925f12c",
                "sha256:0e1bb8701df7861af26a312225bdf7c4822ac06fcf75aeb60fe2b0a20e64c222",
                "sha256:135e2ac0db1a3948d6ec295598c7e182b52c394663f2fcfe36a97ae51186be21",
                "sha256:246e7c6890dc7fe9b10f0e31de3346b906e3862b6ef42fcbede37968f46a73bf",
                "sha256:25b5ef5e387a0e17ff41202a8c1816184ab6fb3c0d0b847bf8add0ed5941eb8d",
                "sha256:53d3e2456a085425c66af7baba62d7eaa24aa5e460e1a9e02c401a2ed59abd7b",
                "sha256:5942858170c4f53d9afc6352a86bbc72fc96cc4d8964b6415492114a5920d3ed",
                "sha256:5a6a7fcf7dd2e7711051b3f0432da9ec9c748954c989f49d2cd8eabf8c2d953e",
                "sha256:67643e66691770dc3434b01671648f481e3455209ce953727ef2330b16790aaa",
                "sha256:6a49ce52856fbb3ef4f1cc744c53f5d7e1ca370b1939620ac2509a6d25e02a50",
                "sha256:6c74c70078809bfddda17be96483c41d06d717934b07cab7921011d81758b357",
                "sha256:720593baf2c2e295f855192974799e486da5f50d4548db93c44f5726a43cefb9",
                "sha256:7f8837bf616335464f3713cbf562a3dcaad22c3ca9193f957018964ef871a68b",
                "sha256:854d58a8913ebf3b193b0dc8064155b034e8987de25f26838dfeca09151fda8a",
                "sha256:85e98a618fb36cdcc37501d8b9b8c1246651cc2f2db3a70702832523e0ae12f4",
                "sha256:8e945fc814bdc29564a2ce137c237b3a9848aa1e76a1160369b6e0d328151fdd",
                "sha256:c8a2e2931eea7e500fbf8e014b69022f3fab2e35a70da882e2fc753e5e487ae3",
                "sha256:e0ad3d860b9ce88a74cf7414bb4b1c6fd833813e7b818e76f49272c4974b19ce",
                "sha256:e1472ee231f323b4f4368b1b5f8f08481ed43af89697d45450c6ae4af46ac08a",
                "sha256:e19c8069f1a1450f835f23d47724530cf716d581fcafb398f534d044f806b8c2",
                "sha256:e9aef2b0b7687aecef48b1c6ff657d407ff24e75462877dcb888fa904c4a9c6d",
                "sha256:ea4b6df8ef7af38e864235256793bc3056e9699d991afcf6256fa298858582fc",
                "sha256:f9a4833530fe53001c351974e0c8bb660211b8d0358e592af185fec1ae12b2d0",
                "sha256:fd19d48440b152657966a52e627780c0ddbe9d907b8d7ee4598505e80a3c55c7",
                "sha256:fdbc2957b36115a576c515ffe963919f19d2683f3c76c9304ae88ef59f6b5ca6"
            ],
            "markers": "python_version >= '3.6'",
            "version": "==3.0.8"
        },
        "py": {
            "hashes": [
                "sha256:64f65755aee5b381cea27766a3a147c3f15b9b6b9ac88676de66ba2ae36793fa",
                "sha256:dc639b046a6e2cff5bbe40194ad65936d6ba360b52b3c3fe1d08a82dd50b5e53"
            ],
            "markers": "python_version >= '2.7' and python_version not in '3.0, 3.1, 3.2, 3.3'",
            "version": "==1.8.0"
        },
        "pydot": {
            "hashes": [
                "sha256:67be714300c78fda5fd52f79ec994039e3f76f074948c67b5ff539b433ad354f",
                "sha256:d49c9d4dd1913beec2a997f831543c8cbd53e535b1a739e921642fe416235f01"
            ],
            "markers": "python_version >= '2.7' and python_version not in '3.0, 3.1, 3.2, 3.3'",
            "version": "==1.4.1"
        },
        "pyparsing": {
            "hashes": [
                "sha256:1873c03321fc118f4e9746baf201ff990ceb915f433f23b395f5580d1840cb2a",
                "sha256:9b6323ef4ab914af344ba97510e966d64ba91055d6b9afa6b30799340e89cc03"
            ],
            "markers": "python_version >= '2.6' and python_version not in '3.0, 3.1, 3.2'",
            "version": "==2.4.0"
        },
        "pytest": {
            "hashes": [
                "sha256:4a784f1d4f2ef198fe9b7aef793e9fa1a3b2f84e822d9b3a64a181293a572d45",
                "sha256:926855726d8ae8371803f7b2e6ec0a69953d9c6311fa7c3b6c1b929ff92d27da"
            ],
            "index": "pypi",
            "version": "==4.6.3"
        },
        "requests": {
            "hashes": [
                "sha256:7c5599b102feddaa661c826c56ab4fee28bfd17f5abca1ebbe3e7f19d7c97983",
                "sha256:8fefa2a1a1365bf5520aac41836fbee479da67864514bdb821f31ce07ce65349"
            ],
            "markers": "python_version >= '3.7' and python_version < '4'",
            "version": "==2.28.1"
        },
        "setuptools": {
            "hashes": [
                "sha256:512e5536220e38146176efb833d4a62aa726b7bbff82cfbc8ba9eaa3996e0b17",
                "sha256:f62ea9da9ed6289bfe868cd6845968a2c854d1427f8548d52cae02a42b4f0356"
            ],
            "markers": "python_version >= '3.7'",
            "version": "==65.5.0"
        },
        "six": {
            "hashes": [
                "sha256:3350809f0555b11f552448330d0b52d5f24c91a322ea4a15ef22629740f3761c",
                "sha256:d16a0141ec1a18405cd4ce8b4613101da75da0e9a7aec5bdd4fa804d0e0eba73"
            ],
            "markers": "python_version >= '2.6' and python_version not in '3.0, 3.1'",
            "version": "==1.12.0"
        },
        "spacy": {
            "hashes": [
                "sha256:0554084a4c3f5c9ecabe78642c640682c528df855ab0a8ad1c55c2523573fe24",
                "sha256:0ffd7b4c3d757ce37cc69f0c4f18f7f5b7c7972e76e26e0ec093865efd5bb53e",
                "sha256:1408a94e8cd0e378dd2f47eb54da6cb87aa2a004043f217ecd17b503809fa40b",
                "sha256:1c6bd8216327a0b507b643d9d4ff834b71062a569c930acec8959816b153d89e",
                "sha256:241063ca5830c461aa16e11994b4df60017f5bf1766f3274a66f0c6ab3f7e7b1",
                "sha256:46e7b7761ff548667a7408d894a8f197b591d86e26ea10bda58bc5e6ca6ecdfb",
                "sha256:4cc4fcaeb1235af716b0a5b14a43e82644d00b32a97358d6edac5976145accfc",
                "sha256:618e2bcbce19ce97913c8a648956b24018a0bc0287639ae9243fb4e6ba322b86",
                "sha256:69411936c3d9cca54cf56e6491e430931136c4b860a8d72ea3635b0f90460162",
                "sha256:69bc87e0b457351ae01b6c903182b94fe77d0b3d8ac08950246d01b9100da3ac",
                "sha256:6ee7e52420ee7adf6147aa4ba03880628d73ded78d2d1a48e962a8e4624ed715",
                "sha256:8673f085fe0679fcbe136cb00fcf367d3fd03a39975a10bc670506aaa22705a5",
                "sha256:8891b68c0abd3917063933d5b2fdce50f57184280d74eb66d6f8a5fd6177361e",
                "sha256:8e35cf013dbe087d9f1c6092bd4344c515318115da37cbbcd2d93ab24fb2c98c",
                "sha256:934b09e2e24a928ba9e26b2db23427dc5edfb087c2a5f37bd720107889b788dc",
                "sha256:957fc2fe09f07f77f20dc27687191e346bc0f1437cab5535700cdab95cabb4b6",
                "sha256:a309f767751fafdbebb32908bc09b8e52292f7b8be6bd0b258675931d38acb36",
                "sha256:a359ff4a1c7bbabebd26c738dbf6b1d6c6059e806a31c7f539d691e28b9b6034",
                "sha256:ab411cb7bfff42c7550b4f6213ea8d3a45b846397788c1d7accea4e90ed7d8a4",
                "sha256:b01454875107222e679d22011dc292012f0d016f88354587aebd1c6594018cfb",
                "sha256:bbcd1eeef0834676d7e4a68d2d95db5aff378ccae701dfc21893b286e4da8a54",
                "sha256:c5772e1210f607eaa011a4818f261526ab67797265742a0473e4cccd8cd4dcb8",
                "sha256:c9c8d131aac2ac451f1f37f32816616a69ed814a9856327bb798fdcd7001c1a8",
                "sha256:d02c67922f42ce0729ba3ef5e934b13e0e781c969989f9a38ccfad21354b3136",
                "sha256:d23cc347b8df6ddac8d53baa59da90544b0a6acbbacf4390d9d03c24126d790e",
                "sha256:e604bcf0e24b5cd2f49a0727aa545db6f3c046a2c4bf7017c7c840ba857bf45b",
                "sha256:ead43517958b9d44829ed9b0cddbdc0a81f8eaa23318d8185b2596955ce5f3c7",
                "sha256:f8a29247d1785fd4b2c5bacf1b18dbf1f19f2fb731ea6c5df3c51af68295d629"
            ],
            "index": "pypi",
            "version": "==2.3.8"
        },
        "srsly": {
            "hashes": [
                "sha256:0bd9fa567dd6e03b4f43e093072b78ec3cc9c531e5ad505246c2517c6b157c94",
                "sha256:10835501136aa32b10774fc7e07c00e7c26ee2b1f87b7975676f1ab414405448",
                "sha256:16ea0cefc969928eca71c7f41279c5a5251763d506a4f070fb97f4a905073d06",
                "sha256:1c6085af24c11fc28e01ed5f12f5eb7d335d1707ae20f7be6a05fc1d8c44a1cb",
                "sha256:1ffb0ba46a946a85aec2f8d04c98d0e3cb64827ea9776b511e296fac64929a33",
                "sha256:27cc9617c9fa4869b10233377310f3ce9042c10749ffd50c1a37f1375d4f2aba",
                "sha256:46d6fbb063c2f7e44289f834209f8735dc62b246108f7e479aa668cd0fcc5545",
                "sha256:48d8bc622c4713e3d57f5706e9aa012df11e9a64089edc238ecd741e7450eb2f",
                "sha256:4fe39d6e4cc10fae320f49c1005c4870360b616542c973b548751d08af2aab01",
                "sha256:5eeee67dc4b9c4e1bb9183aba86bca0cf3d6247b2b9e554ba73c1aaa377dbe62",
                "sha256:5f797065be1cc9978700473e8a66ecbb6f634ee45eed8609d3eae789a6ef5764",
                "sha256:6ca4b34da0580df89e232a78d6eb40709588e9ce73b0fca01571f13118213d57",
                "sha256:71413eca8bad072eaa61c4a8ec06ce7e6099123d630d67aa2ce63cf45bf05a65",
                "sha256:7dda57a85e9dbb25b51aa4ce823ae57995033554309df5734cf7d107cb98d850",
                "sha256:85c16f948342c0d660b255e330522a01e624f9c2f5c1ae35a81cef1c28351985",
                "sha256:88f7117262ffbeb9eac7574c4ad711b48658103863a32b08ccde5d0cb8d45f26",
                "sha256:91c00b9ea9c13cfbf81244fb4c5717863381323646689ab61a542e94dbdec370",
                "sha256:95185bc3696168d548af16e66831e38ef86fd3cad17e9b2da4ca4819aa990c3a",
                "sha256:958e894fba96cd735cd7b66189b30dc6f54647076c329001467c5cf2ce8bfb24",
                "sha256:962d3e3355397a74efe9eccf2fb9e372d6e69e433772b4d7509b5499f854788d",
                "sha256:96e08611bf02454321676df7782ef59cdaea6c591969a8d10a272b816539f2d9",
                "sha256:9d89081dcd4003ea12c569cfb56af0ae7f939fd3c403edcb3609f11847e189fa",
                "sha256:a07b7ef984bd4759f32fc23763d8138360b72b8529f91a4c950f9a5d22de54cd",
                "sha256:a1b2083aaaec1293c370916b9474cd8999f4495279f1bc9a534ec60dc396e564",
                "sha256:a333eca5e9d930b2d174b59b135e6156b1ed1f3521d35d84587331f89cefc5ca",
                "sha256:aee80b31bd721dcb9c568dd119623a016b88039b95f19fe2b52758e5f9163d1c",
                "sha256:ce4d41347fb10e9059d170d2182582b75149e9434deae2fa254c1daeea38140a",
                "sha256:e252b1a113c7e6ffadcda1f693702270bbb0f41dd1931a30386d48b2fc7ece24"
            ],
            "markers": "python_version >= '3.6'",
            "version": "==1.0.6"
        },
        "thinc": {
            "hashes": [
                "sha256:136bdd3af9787b4a41ae6166fa963ce1f4d108bc823fa68b52b64e04ae30af3a",
                "sha256:16dee8f90c35f2f1a9bd17a9b18d7be07f150e212a75740840494d4a95e3f7e8",
                "sha256:32d0cf33b970b2c6ff9aa146c6f12cb5b705c1455dbad759c24e94aeb5544246",
                "sha256:364e97f7ed49d361bd50f091616b083dcfbf2a373b7da72f364c2c4b5f4280a0",
                "sha256:38983924746eb13d9b54942955fecd6428ec862046484bc7d2ea2a9a9a04a1a2",
                "sha256:3dc09c1061a4570255ce2438dc91def85b02a2fa380e725fd7ae9d151414a593",
                "sha256:3e67fc8d44335aae38b4c749c118cd7c92e4e4895a0802c11d87efbbc06943fd",
                "sha256:3f3198d34661f3b25af483ae39cde6aaae7dcf17cced91804f25964e1b69685f",
                "sha256:4d2340888ae3e1cf0910b1cb860b9deeaba03dc808b8430f154fb79bfab74b4d",
                "sha256:4da522550fbb8bc51ceacf0d68d5b9b108071d19a10374a6f2938b56fb0b9808",
                "sha256:56f2a5b7fafc11c625a9236c32d73939238d0997631cffbc6dd5c5b501d10478",
                "sha256:58ba8e740468d849cf6a7b51b5d6db88064305698d585eab536200eba228a853",
                "sha256:6b0d6e29b69ecd04e2f8b4aecd0ea3225b5d44037de58e468d03d754756f1627",
                "sha256:6e592a21382287114b5ba412a2d2b8c20d73989fec78edea82e7151d03e4f627",
                "sha256:744b2ea0e4c193f6bb575cd0e50a48d0b5222b49727ec57dc14e4c4ee3d0fb1a",
                "sha256:8dda058266cc27d8299324c6f42736314c11ed49932c2c4b1ee9b34c9078677d",
                "sha256:917aa55a5cb550f5084f9ac8259a2726bf4dd6f524d7de566dc27ee061eb9925",
                "sha256:945bdfb6893934f944db92b78e698a78854cb230a6429afb495f1c2225049651",
                "sha256:a27d057a0b3c0e3421f506d3e5fbe4a7221cacd1c783ba881a2d48e352179fed",
                "sha256:a5429eba74b281c94314ec40b6a209d701eb31a868b6b6775df34f085e8b8612",
                "sha256:a61c39afe4cda53f470519693438b6c673e79cc984c4f4899dcfcc91cc6668d2",
                "sha256:c3f91a29b0f458f943d3248dada7ab26fd40fbb0069dd6a285ad3283a9add0a5",
                "sha256:cd20696a3f42baf63628e4fc018d33880ea781320cec91e2a425fafefd4fc24b",
                "sha256:e01a0aa93ac6b7cc51ad332818fec5a71f4afe451ee0edd65e7bf427b6077078",
                "sha256:ed9c840e2f9edd053715953108d09982854b55695f46986b29e67df3f35bef58",
                "sha256:ef57def77166b4f1019425207b3d9eea181b8118b6c75d5b2d3a70a259844e14",
                "sha256:f11259a26525fd8c9b0f3f45cfbfc73d9472db8803860d73b5a82b5a87f822d7",
                "sha256:fdb71050ee51d711798a657684f47ae3abdc59b123c52361f1becb15d1f07d5c"
            ],
            "version": "==7.4.6"
        },
        "tqdm": {
            "hashes": [
                "sha256:5f4f682a004951c1b450bc753c710e9280c5746ce6ffedee253ddbcbf54cf1e4",
                "sha256:6fee160d6ffcd1b1c68c65f14c829c22832bc401726335ce92c52d395944a6a1"
            ],
            "markers": "python_version >= '2.7' and python_version not in '3.0, 3.1, 3.2, 3.3'",
            "version": "==4.64.1"
        },
        "urllib3": {
            "hashes": [
                "sha256:3fa96cf423e6987997fc326ae8df396db2a8b7c667747d47ddd8ecba91f4a74e",
                "sha256:b930dd878d5a8afb066a637fbb35144fe7901e3b209d1cd4f524bd0e9deee997"
            ],
            "markers": "python_version >= '2.7' and python_version not in '3.0, 3.1, 3.2, 3.3, 3.4, 3.5' and python_version < '4'",
            "version": "==1.26.12"
        },
        "visualise-spacy-pattern": {
            "hashes": [
                "sha256:520453526a12e85f5fbdc677308a6f046345e1bef249b7c8b72a27e638e0a3ee",
                "sha256:92bc1d675832df98c0b8f853c37401cc87790798e6f899e209ed607d14e5ab78"
            ],
            "index": "pypi",
            "version": "==0.0.3"
        },
        "visualise-spacy-tree": {
            "hashes": [
                "sha256:0a3824c19079e45fc3289658fc6fd543e8e18221347a07d0854cbb90750905eb",
                "sha256:a76dcaaa7315c29fb6715449882e7f83e6f21c73fba74766355333626d0af9aa"
            ],
            "index": "pypi",
            "version": "==0.0.6"
        },
        "wasabi": {
            "hashes": [
                "sha256:c8e372781be19272942382b14d99314d175518d7822057cb7a97010c4259d249",
                "sha256:fe862cc24034fbc9f04717cd312ab884f71f51a8ecabebc3449b751c2a649d83"
            ],
            "version": "==0.10.1"
        },
        "wcwidth": {
            "hashes": [
                "sha256:3df37372226d6e63e1b1e1eda15c594bca98a22d33a23832a90998faa96bc65e",
                "sha256:f4ebe71925af7b40a864553f761ed559b43544f8f71746c2d756c7fe788ade7c"
            ],
            "version": "==0.1.7"
        },
        "zipp": {
            "hashes": [
                "sha256:8c1019c6aad13642199fbe458275ad6a84907634cc9f0989877ccc4a2840139d",
                "sha256:ca943a7e809cc12257001ccfb99e3563da9af99d52f261725e96dfe0f9275bc3"
            ],
            "markers": "python_version >= '2.7'",
            "version": "==0.5.1"
        }
    },
    "develop": {}
}
